
Microsoft Visual Studio Solution File, Format Version 12.00
# Visual Studio Version 17
VisualStudioVersion = 17.9.34728.123
MinimumVisualStudioVersion = 10.0.40219.1
Project("{FAE04EC0-301F-11D3-BF4B-00C04F79EFBC}") = "BootcampProject.WebAPI", "BootcampProject.WebAPI\BootcampProject.WebAPI.csproj", "{3995F585-F248-4099-A1FA-E0FE3364DF0C}"
EndProject
Project("{FAE04EC0-301F-11D3-BF4B-00C04F79EFBC}") = "BootcampProject.Entities", "BootcampProject.Entities\BootcampProject.Entities.csproj", "{D3C897FF-3A82-405B-BD42-5EEDCAC7C103}"
EndProject
Project("{FAE04EC0-301F-11D3-BF4B-00C04F79EFBC}") = "BootcampProject.Business", "BootcampProject.Business\BootcampProject.Business.csproj", "{36B39E7A-EDDE-4D97-96C0-36E7D727A71F}"
EndProject
Project("{FAE04EC0-301F-11D3-BF4B-00C04F79EFBC}") = "BootcampProject.DataAccess", "BootcampProject.DataAccess\BootcampProject.DataAccess.csproj", "{EDDF2A5C-742C-4585-82AF-0A90AEE17A00}"
EndProject
Project("{FAE04EC0-301F-11D3-BF4B-00C04F79EFBC}") = "BootcampProject.Core", "BootcampProject.Core\BootcampProject.Core.csproj", "{66D9882F-9B71-46DA-B38B-4C8C44F8585A}"
EndProject
Global
	GlobalSection(SolutionConfigurationPlatforms) = preSolution
		Debug|Any CPU = Debug|Any CPU
		Release|Any CPU = Release|Any CPU
	EndGlobalSection
	GlobalSection(ProjectConfigurationPlatforms) = postSolution
		{3995F585-F248-4099-A1FA-E0FE3364DF0C}.Debug|Any CPU.ActiveCfg = Debug|Any CPU
		{3995F585-F248-4099-A1FA-E0FE3364DF0C}.Debug|Any CPU.Build.0 = Debug|Any CPU
		{3995F585-F248-4099-A1FA-E0FE3364DF0C}.Release|Any CPU.ActiveCfg = Release|Any CPU
		{3995F585-F248-4099-A1FA-E0FE3364DF0C}.Release|Any CPU.Build.0 = Release|Any CPU
		{D3C897FF-3A82-405B-BD42-5EEDCAC7C103}.Debug|Any CPU.ActiveCfg = Debug|Any CPU
		{D3C897FF-3A82-405B-BD42-5EEDCAC7C103}.Debug|Any CPU.Build.0 = Debug|Any CPU
		{D3C897FF-3A82-405B-BD42-5EEDCAC7C103}.Release|Any CPU.ActiveCfg = Release|Any CPU
		{D3C897FF-3A82-405B-BD42-5EEDCAC7C103}.Release|Any CPU.Build.0 = Release|Any CPU
		{36B39E7A-EDDE-4D97-96C0-36E7D727A71F}.Debug|Any CPU.ActiveCfg = Debug|Any CPU
		{36B39E7A-EDDE-4D97-96C0-36E7D727A71F}.Debug|Any CPU.Build.0 = Debug|Any CPU
		{36B39E7A-EDDE-4D97-96C0-36E7D727A71F}.Release|Any CPU.ActiveCfg = Release|Any CPU
		{36B39E7A-EDDE-4D97-96C0-36E7D727A71F}.Release|Any CPU.Build.0 = Release|Any CPU
		{EDDF2A5C-742C-4585-82AF-0A90AEE17A00}.Debug|Any CPU.ActiveCfg = Debug|Any CPU
		{EDDF2A5C-742C-4585-82AF-0A90AEE17A00}.Debug|Any CPU.Build.0 = Debug|Any CPU
		{EDDF2A5C-742C-4585-82AF-0A90AEE17A00}.Release|Any CPU.ActiveCfg = Release|Any CPU
		{EDDF2A5C-742C-4585-82AF-0A90AEE17A00}.Release|Any CPU.Build.0 = Release|Any CPU
		{66D9882F-9B71-46DA-B38B-4C8C44F8585A}.Debug|Any CPU.ActiveCfg = Debug|Any CPU
		{66D9882F-9B71-46DA-B38B-4C8C44F8585A}.Debug|Any CPU.Build.0 = Debug|Any CPU
		{66D9882F-9B71-46DA-B38B-4C8C44F8585A}.Release|Any CPU.ActiveCfg = Release|Any CPU
		{66D9882F-9B71-46DA-B38B-4C8C44F8585A}.Release|Any CPU.Build.0 = Release|Any CPU
	EndGlobalSection
	GlobalSection(SolutionProperties) = preSolution
		HideSolutionNode = FALSE
	EndGlobalSection
	GlobalSection(ExtensibilityGlobals) = postSolution
		SolutionGuid = {57633D7F-C971-4E7B-AE9B-8B07C4BA2343}
	EndGlobalSection
EndGlobal
